// !$*UTF8*$!
{
	archiveVersion = 1;
	classes = {
	};
	objectVersion = 46;
	objects = {

/* Begin PBXAggregateTarget section */
		24416B8111C4CA220047AFDD /* Build & Test */ = {
			isa = PBXAggregateTarget;
			buildConfigurationList = 24416B8A11C4CA520047AFDD /* Build configuration list for PBXAggregateTarget "Build & Test" */;
			buildPhases = (
				24416B8011C4CA220047AFDD /* ShellScript */,
			);
			dependencies = (
				24416B8511C4CA280047AFDD /* PBXTargetDependency */,
			);
			name = "Build & Test";
			productName = "Build & test";
		};
/* End PBXAggregateTarget section */

/* Begin PBXBuildFile section */
		24DD6CF91134B3F500162E58 /* TiMillennialmediaModule.h in Headers */ = {isa = PBXBuildFile; fileRef = 24DD6CF71134B3F500162E58 /* TiMillennialmediaModule.h */; };
		24DD6CFA1134B3F500162E58 /* TiMillennialmediaModule.m in Sources */ = {isa = PBXBuildFile; fileRef = 24DD6CF81134B3F500162E58 /* TiMillennialmediaModule.m */; };
		24DE9E1111C5FE74003F90F6 /* TiMillennialmediaModuleAssets.h in Headers */ = {isa = PBXBuildFile; fileRef = 24DE9E0F11C5FE74003F90F6 /* TiMillennialmediaModuleAssets.h */; };
		24DE9E1211C5FE74003F90F6 /* TiMillennialmediaModuleAssets.m in Sources */ = {isa = PBXBuildFile; fileRef = 24DE9E1011C5FE74003F90F6 /* TiMillennialmediaModuleAssets.m */; };
		A89DCF1D140D68E7001A3993 /* TiMillennialmediaView.h in Headers */ = {isa = PBXBuildFile; fileRef = A89DCF1B140D68E7001A3993 /* TiMillennialmediaView.h */; };
		A89DCF1E140D68E7001A3993 /* TiMillennialmediaView.m in Sources */ = {isa = PBXBuildFile; fileRef = A89DCF1C140D68E7001A3993 /* TiMillennialmediaView.m */; };
		A89DCF21140D694F001A3993 /* TiMillennialmediaViewProxy.h in Headers */ = {isa = PBXBuildFile; fileRef = A89DCF1F140D694F001A3993 /* TiMillennialmediaViewProxy.h */; };
		A89DCF22140D694F001A3993 /* TiMillennialmediaViewProxy.m in Sources */ = {isa = PBXBuildFile; fileRef = A89DCF20140D694F001A3993 /* TiMillennialmediaViewProxy.m */; };
		AA747D9F0F9514B9006C5449 /* TiMillennialmedia_Prefix.pch in Headers */ = {isa = PBXBuildFile; fileRef = AA747D9E0F9514B9006C5449 /* TiMillennialmedia_Prefix.pch */; };
		AACBBE4A0F95108600F1A2B1 /* Foundation.framework in Frameworks */ = {isa = PBXBuildFile; fileRef = AACBBE490F95108600F1A2B1 /* Foundation.framework */; };
		D3417A591ACF0D7D0019F077 /* MMAdView.h in Headers */ = {isa = PBXBuildFile; fileRef = D3417A551ACF0D7D0019F077 /* MMAdView.h */; };
		D3417A5A1ACF0D7D0019F077 /* MMInterstitial.h in Headers */ = {isa = PBXBuildFile; fileRef = D3417A561ACF0D7D0019F077 /* MMInterstitial.h */; };
		D3417A5B1ACF0D7D0019F077 /* MMRequest.h in Headers */ = {isa = PBXBuildFile; fileRef = D3417A571ACF0D7D0019F077 /* MMRequest.h */; };
		D3417A5C1ACF0D7D0019F077 /* MMSDK.h in Headers */ = {isa = PBXBuildFile; fileRef = D3417A581ACF0D7D0019F077 /* MMSDK.h */; };
		D3417A5E1ACF0D9E0019F077 /* libMMSDK.a in Frameworks */ = {isa = PBXBuildFile; fileRef = D3417A5D1ACF0D9E0019F077 /* libMMSDK.a */; };
		D344D74F1ACE7023003EBFD7 /* CoreGraphics.framework in Frameworks */ = {isa = PBXBuildFile; fileRef = A89DCF17140D686C001A3993 /* CoreGraphics.framework */; };
		D344D7511ACE7030003EBFD7 /* AudioToolbox.framework in Frameworks */ = {isa = PBXBuildFile; fileRef = D344D7501ACE7030003EBFD7 /* AudioToolbox.framework */; };
		D344D7531ACE7040003EBFD7 /* AVFoundation.framework in Frameworks */ = {isa = PBXBuildFile; fileRef = D344D7521ACE703F003EBFD7 /* AVFoundation.framework */; };
		D344D7551ACE705B003EBFD7 /* AdSupport.framework in Frameworks */ = {isa = PBXBuildFile; fileRef = D344D7541ACE705B003EBFD7 /* AdSupport.framework */; };
		D344D7571ACE706A003EBFD7 /* CFNetwork.framework in Frameworks */ = {isa = PBXBuildFile; fileRef = D344D7561ACE706A003EBFD7 /* CFNetwork.framework */; };
		D344D7591ACE707F003EBFD7 /* CoreLocation.framework in Frameworks */ = {isa = PBXBuildFile; fileRef = D344D7581ACE707F003EBFD7 /* CoreLocation.framework */; };
		D344D75B1ACE7089003EBFD7 /* EventKit.framework in Frameworks */ = {isa = PBXBuildFile; fileRef = D344D75A1ACE7089003EBFD7 /* EventKit.framework */; };
		D344D75C1ACE7094003EBFD7 /* MediaPlayer.framework in Frameworks */ = {isa = PBXBuildFile; fileRef = A89DCF15140D6865001A3993 /* MediaPlayer.framework */; };
		D344D75E1ACE709E003EBFD7 /* MobileCoreServices.framework in Frameworks */ = {isa = PBXBuildFile; fileRef = D344D75D1ACE709E003EBFD7 /* MobileCoreServices.framework */; };
		D344D7601ACE70A6003EBFD7 /* PassKit.framework in Frameworks */ = {isa = PBXBuildFile; fileRef = D344D75F1ACE70A6003EBFD7 /* PassKit.framework */; };
		D344D7611ACE70AE003EBFD7 /* QuartzCore.framework in Frameworks */ = {isa = PBXBuildFile; fileRef = A89DCF13140D685C001A3993 /* QuartzCore.framework */; };
		D344D7631ACE70B6003EBFD7 /* Security.framework in Frameworks */ = {isa = PBXBuildFile; fileRef = D344D7621ACE70B6003EBFD7 /* Security.framework */; };
		D344D7651ACE70BC003EBFD7 /* Social.framework in Frameworks */ = {isa = PBXBuildFile; fileRef = D344D7641ACE70BC003EBFD7 /* Social.framework */; };
		D344D7691ACE70E1003EBFD7 /* StoreKit.framework in Frameworks */ = {isa = PBXBuildFile; fileRef = D344D7681ACE70E1003EBFD7 /* StoreKit.framework */; };
		D344D76B1ACE70F0003EBFD7 /* SystemConfiguration.framework in Frameworks */ = {isa = PBXBuildFile; fileRef = D344D76A1ACE70F0003EBFD7 /* SystemConfiguration.framework */; };
		D344D76C1ACE70F7003EBFD7 /* UIKit.framework in Frameworks */ = {isa = PBXBuildFile; fileRef = A89DCF19140D6873001A3993 /* UIKit.framework */; };
/* End PBXBuildFile section */

/* Begin PBXContainerItemProxy section */
		24416B8411C4CA280047AFDD /* PBXContainerItemProxy */ = {
			isa = PBXContainerItemProxy;
			containerPortal = 0867D690FE84028FC02AAC07 /* Project object */;
			proxyType = 1;
			remoteGlobalIDString = D2AAC07D0554694100DB518D;
			remoteInfo = millennialmedia;
		};
/* End PBXContainerItemProxy section */

/* Begin PBXFileReference section */
		24DD6CF71134B3F500162E58 /* TiMillennialmediaModule.h */ = {isa = PBXFileReference; fileEncoding = 4; lastKnownFileType = sourcecode.c.h; name = TiMillennialmediaModule.h; path = Classes/TiMillennialmediaModule.h; sourceTree = "<group>"; };
		24DD6CF81134B3F500162E58 /* TiMillennialmediaModule.m */ = {isa = PBXFileReference; fileEncoding = 4; lastKnownFileType = sourcecode.c.objc; name = TiMillennialmediaModule.m; path = Classes/TiMillennialmediaModule.m; sourceTree = "<group>"; };
		24DD6D1B1134B66800162E58 /* titanium.xcconfig */ = {isa = PBXFileReference; fileEncoding = 4; lastKnownFileType = text.xcconfig; path = titanium.xcconfig; sourceTree = "<group>"; };
		24DE9E0F11C5FE74003F90F6 /* TiMillennialmediaModuleAssets.h */ = {isa = PBXFileReference; fileEncoding = 4; lastKnownFileType = sourcecode.c.h; name = TiMillennialmediaModuleAssets.h; path = Classes/TiMillennialmediaModuleAssets.h; sourceTree = "<group>"; };
		24DE9E1011C5FE74003F90F6 /* TiMillennialmediaModuleAssets.m */ = {isa = PBXFileReference; fileEncoding = 4; lastKnownFileType = sourcecode.c.objc; name = TiMillennialmediaModuleAssets.m; path = Classes/TiMillennialmediaModuleAssets.m; sourceTree = "<group>"; };
		A89DCF11140D67D9001A3993 /* QuartzCore.framework */ = {isa = PBXFileReference; lastKnownFileType = wrapper.framework; name = QuartzCore.framework; path = /System/Library/Frameworks/QuartzCore.framework; sourceTree = "<absolute>"; };
		A89DCF13140D685C001A3993 /* QuartzCore.framework */ = {isa = PBXFileReference; lastKnownFileType = wrapper.framework; name = QuartzCore.framework; path = System/Library/Frameworks/QuartzCore.framework; sourceTree = SDKROOT; };
		A89DCF15140D6865001A3993 /* MediaPlayer.framework */ = {isa = PBXFileReference; lastKnownFileType = wrapper.framework; name = MediaPlayer.framework; path = System/Library/Frameworks/MediaPlayer.framework; sourceTree = SDKROOT; };
		A89DCF17140D686C001A3993 /* CoreGraphics.framework */ = {isa = PBXFileReference; lastKnownFileType = wrapper.framework; name = CoreGraphics.framework; path = System/Library/Frameworks/CoreGraphics.framework; sourceTree = SDKROOT; };
		A89DCF19140D6873001A3993 /* UIKit.framework */ = {isa = PBXFileReference; lastKnownFileType = wrapper.framework; name = UIKit.framework; path = System/Library/Frameworks/UIKit.framework; sourceTree = SDKROOT; };
		A89DCF1B140D68E7001A3993 /* TiMillennialmediaView.h */ = {isa = PBXFileReference; fileEncoding = 4; lastKnownFileType = sourcecode.c.h; name = TiMillennialmediaView.h; path = Classes/TiMillennialmediaView.h; sourceTree = "<group>"; };
		A89DCF1C140D68E7001A3993 /* TiMillennialmediaView.m */ = {isa = PBXFileReference; fileEncoding = 4; lastKnownFileType = sourcecode.c.objc; name = TiMillennialmediaView.m; path = Classes/TiMillennialmediaView.m; sourceTree = "<group>"; };
		A89DCF1F140D694F001A3993 /* TiMillennialmediaViewProxy.h */ = {isa = PBXFileReference; fileEncoding = 4; lastKnownFileType = sourcecode.c.h; name = TiMillennialmediaViewProxy.h; path = Classes/TiMillennialmediaViewProxy.h; sourceTree = "<group>"; };
		A89DCF20140D694F001A3993 /* TiMillennialmediaViewProxy.m */ = {isa = PBXFileReference; fileEncoding = 4; lastKnownFileType = sourcecode.c.objc; name = TiMillennialmediaViewProxy.m; path = Classes/TiMillennialmediaViewProxy.m; sourceTree = "<group>"; };
		AA747D9E0F9514B9006C5449 /* TiMillennialmedia_Prefix.pch */ = {isa = PBXFileReference; fileEncoding = 4; lastKnownFileType = sourcecode.c.h; path = TiMillennialmedia_Prefix.pch; sourceTree = SOURCE_ROOT; };
		AACBBE490F95108600F1A2B1 /* Foundation.framework */ = {isa = PBXFileReference; lastKnownFileType = wrapper.framework; name = Foundation.framework; path = System/Library/Frameworks/Foundation.framework; sourceTree = SDKROOT; };
		D2AAC07E0554694100DB518D /* libTiMillennialmedia.a */ = {isa = PBXFileReference; explicitFileType = archive.ar; includeInIndex = 0; path = libTiMillennialmedia.a; sourceTree = BUILT_PRODUCTS_DIR; };
		D3417A551ACF0D7D0019F077 /* MMAdView.h */ = {isa = PBXFileReference; lastKnownFileType = sourcecode.c.h; name = MMAdView.h; path = MMSDK/MMAdView.h; sourceTree = "<group>"; };
		D3417A561ACF0D7D0019F077 /* MMInterstitial.h */ = {isa = PBXFileReference; lastKnownFileType = sourcecode.c.h; name = MMInterstitial.h; path = MMSDK/MMInterstitial.h; sourceTree = "<group>"; };
		D3417A571ACF0D7D0019F077 /* MMRequest.h */ = {isa = PBXFileReference; lastKnownFileType = sourcecode.c.h; name = MMRequest.h; path = MMSDK/MMRequest.h; sourceTree = "<group>"; };
		D3417A581ACF0D7D0019F077 /* MMSDK.h */ = {isa = PBXFileReference; lastKnownFileType = sourcecode.c.h; name = MMSDK.h; path = MMSDK/MMSDK.h; sourceTree = "<group>"; };
		D3417A5D1ACF0D9E0019F077 /* libMMSDK.a */ = {isa = PBXFileReference; lastKnownFileType = archive.ar; name = libMMSDK.a; path = MMSDK/libMMSDK.a; sourceTree = "<group>"; };
		D344D7501ACE7030003EBFD7 /* AudioToolbox.framework */ = {isa = PBXFileReference; lastKnownFileType = wrapper.framework; name = AudioToolbox.framework; path = System/Library/Frameworks/AudioToolbox.framework; sourceTree = SDKROOT; };
		D344D7521ACE703F003EBFD7 /* AVFoundation.framework */ = {isa = PBXFileReference; lastKnownFileType = wrapper.framework; name = AVFoundation.framework; path = System/Library/Frameworks/AVFoundation.framework; sourceTree = SDKROOT; };
		D344D7541ACE705B003EBFD7 /* AdSupport.framework */ = {isa = PBXFileReference; lastKnownFileType = wrapper.framework; name = AdSupport.framework; path = System/Library/Frameworks/AdSupport.framework; sourceTree = SDKROOT; };
		D344D7561ACE706A003EBFD7 /* CFNetwork.framework */ = {isa = PBXFileReference; lastKnownFileType = wrapper.framework; name = CFNetwork.framework; path = System/Library/Frameworks/CFNetwork.framework; sourceTree = SDKROOT; };
		D344D7581ACE707F003EBFD7 /* CoreLocation.framework */ = {isa = PBXFileReference; lastKnownFileType = wrapper.framework; name = CoreLocation.framework; path = System/Library/Frameworks/CoreLocation.framework; sourceTree = SDKROOT; };
		D344D75A1ACE7089003EBFD7 /* EventKit.framework */ = {isa = PBXFileReference; lastKnownFileType = wrapper.framework; name = EventKit.framework; path = System/Library/Frameworks/EventKit.framework; sourceTree = SDKROOT; };
		D344D75D1ACE709E003EBFD7 /* MobileCoreServices.framework */ = {isa = PBXFileReference; lastKnownFileType = wrapper.framework; name = MobileCoreServices.framework; path = System/Library/Frameworks/MobileCoreServices.framework; sourceTree = SDKROOT; };
		D344D75F1ACE70A6003EBFD7 /* PassKit.framework */ = {isa = PBXFileReference; lastKnownFileType = wrapper.framework; name = PassKit.framework; path = System/Library/Frameworks/PassKit.framework; sourceTree = SDKROOT; };
		D344D7621ACE70B6003EBFD7 /* Security.framework */ = {isa = PBXFileReference; lastKnownFileType = wrapper.framework; name = Security.framework; path = System/Library/Frameworks/Security.framework; sourceTree = SDKROOT; };
		D344D7641ACE70BC003EBFD7 /* Social.framework */ = {isa = PBXFileReference; lastKnownFileType = wrapper.framework; name = Social.framework; path = System/Library/Frameworks/Social.framework; sourceTree = SDKROOT; };
		D344D7681ACE70E1003EBFD7 /* StoreKit.framework */ = {isa = PBXFileReference; lastKnownFileType = wrapper.framework; name = StoreKit.framework; path = System/Library/Frameworks/StoreKit.framework; sourceTree = SDKROOT; };
		D344D76A1ACE70F0003EBFD7 /* SystemConfiguration.framework */ = {isa = PBXFileReference; lastKnownFileType = wrapper.framework; name = SystemConfiguration.framework; path = System/Library/Frameworks/SystemConfiguration.framework; sourceTree = SDKROOT; };
/* End PBXFileReference section */

/* Begin PBXFrameworksBuildPhase section */
		D2AAC07C0554694100DB518D /* Frameworks */ = {
			isa = PBXFrameworksBuildPhase;
			buildActionMask = 2147483647;
			files = (
				D3417A5E1ACF0D9E0019F077 /* libMMSDK.a in Frameworks */,
				D344D76C1ACE70F7003EBFD7 /* UIKit.framework in Frameworks */,
				D344D76B1ACE70F0003EBFD7 /* SystemConfiguration.framework in Frameworks */,
				D344D7691ACE70E1003EBFD7 /* StoreKit.framework in Frameworks */,
				D344D7651ACE70BC003EBFD7 /* Social.framework in Frameworks */,
				D344D7631ACE70B6003EBFD7 /* Security.framework in Frameworks */,
				D344D7611ACE70AE003EBFD7 /* QuartzCore.framework in Frameworks */,
				D344D7601ACE70A6003EBFD7 /* PassKit.framework in Frameworks */,
				D344D75E1ACE709E003EBFD7 /* MobileCoreServices.framework in Frameworks */,
				D344D75C1ACE7094003EBFD7 /* MediaPlayer.framework in Frameworks */,
				D344D75B1ACE7089003EBFD7 /* EventKit.framework in Frameworks */,
				D344D7591ACE707F003EBFD7 /* CoreLocation.framework in Frameworks */,
				D344D74F1ACE7023003EBFD7 /* CoreGraphics.framework in Frameworks */,
				D344D7571ACE706A003EBFD7 /* CFNetwork.framework in Frameworks */,
				D344D7551ACE705B003EBFD7 /* AdSupport.framework in Frameworks */,
				D344D7531ACE7040003EBFD7 /* AVFoundation.framework in Frameworks */,
				D344D7511ACE7030003EBFD7 /* AudioToolbox.framework in Frameworks */,
				AACBBE4A0F95108600F1A2B1 /* Foundation.framework in Frameworks */,
			);
			runOnlyForDeploymentPostprocessing = 0;
		};
/* End PBXFrameworksBuildPhase section */

/* Begin PBXGroup section */
		034768DFFF38A50411DB9C8B /* Products */ = {
			isa = PBXGroup;
			children = (
				D2AAC07E0554694100DB518D /* libTiMillennialmedia.a */,
			);
			name = Products;
			sourceTree = "<group>";
		};
		0867D691FE84028FC02AAC07 /* millennialmedia */ = {
			isa = PBXGroup;
			children = (
				D3417A551ACF0D7D0019F077 /* MMAdView.h */,
				D3417A561ACF0D7D0019F077 /* MMInterstitial.h */,
				D3417A571ACF0D7D0019F077 /* MMRequest.h */,
				D3417A581ACF0D7D0019F077 /* MMSDK.h */,
				08FB77AEFE84172EC02AAC07 /* Classes */,
				32C88DFF0371C24200C91783 /* Other Sources */,
				0867D69AFE84028FC02AAC07 /* Frameworks */,
				034768DFFF38A50411DB9C8B /* Products */,
			);
			name = millennialmedia;
			sourceTree = "<group>";
		};
		0867D69AFE84028FC02AAC07 /* Frameworks */ = {
			isa = PBXGroup;
			children = (
				D3417A5D1ACF0D9E0019F077 /* libMMSDK.a */,
				D344D76A1ACE70F0003EBFD7 /* SystemConfiguration.framework */,
				D344D7681ACE70E1003EBFD7 /* StoreKit.framework */,
				D344D7641ACE70BC003EBFD7 /* Social.framework */,
				D344D7621ACE70B6003EBFD7 /* Security.framework */,
				D344D75F1ACE70A6003EBFD7 /* PassKit.framework */,
				D344D75D1ACE709E003EBFD7 /* MobileCoreServices.framework */,
				D344D75A1ACE7089003EBFD7 /* EventKit.framework */,
				D344D7581ACE707F003EBFD7 /* CoreLocation.framework */,
				D344D7561ACE706A003EBFD7 /* CFNetwork.framework */,
				D344D7541ACE705B003EBFD7 /* AdSupport.framework */,
				D344D7521ACE703F003EBFD7 /* AVFoundation.framework */,
				D344D7501ACE7030003EBFD7 /* AudioToolbox.framework */,
				A89DCF19140D6873001A3993 /* UIKit.framework */,
				A89DCF17140D686C001A3993 /* CoreGraphics.framework */,
				A89DCF15140D6865001A3993 /* MediaPlayer.framework */,
				A89DCF13140D685C001A3993 /* QuartzCore.framework */,
				A89DCF11140D67D9001A3993 /* QuartzCore.framework */,
				AACBBE490F95108600F1A2B1 /* Foundation.framework */,
			);
			name = Frameworks;
			sourceTree = "<group>";
		};
		08FB77AEFE84172EC02AAC07 /* Classes */ = {
			isa = PBXGroup;
			children = (
				24DE9E0F11C5FE74003F90F6 /* TiMillennialmediaModuleAssets.h */,
				24DE9E1011C5FE74003F90F6 /* TiMillennialmediaModuleAssets.m */,
				24DD6CF71134B3F500162E58 /* TiMillennialmediaModule.h */,
				24DD6CF81134B3F500162E58 /* TiMillennialmediaModule.m */,
				A89DCF1B140D68E7001A3993 /* TiMillennialmediaView.h */,
				A89DCF1C140D68E7001A3993 /* TiMillennialmediaView.m */,
				A89DCF1F140D694F001A3993 /* TiMillennialmediaViewProxy.h */,
				A89DCF20140D694F001A3993 /* TiMillennialmediaViewProxy.m */,
			);
			name = Classes;
			sourceTree = "<group>";
		};
		32C88DFF0371C24200C91783 /* Other Sources */ = {
			isa = PBXGroup;
			children = (
				AA747D9E0F9514B9006C5449 /* TiMillennialmedia_Prefix.pch */,
				24DD6D1B1134B66800162E58 /* titanium.xcconfig */,
			);
			name = "Other Sources";
			sourceTree = "<group>";
		};
/* End PBXGroup section */

/* Begin PBXHeadersBuildPhase section */
		D2AAC07A0554694100DB518D /* Headers */ = {
			isa = PBXHeadersBuildPhase;
			buildActionMask = 2147483647;
			files = (
				D3417A591ACF0D7D0019F077 /* MMAdView.h in Headers */,
				D3417A5A1ACF0D7D0019F077 /* MMInterstitial.h in Headers */,
				D3417A5B1ACF0D7D0019F077 /* MMRequest.h in Headers */,
				D3417A5C1ACF0D7D0019F077 /* MMSDK.h in Headers */,
				AA747D9F0F9514B9006C5449 /* TiMillennialmedia_Prefix.pch in Headers */,
				24DD6CF91134B3F500162E58 /* TiMillennialmediaModule.h in Headers */,
				24DE9E1111C5FE74003F90F6 /* TiMillennialmediaModuleAssets.h in Headers */,
				A89DCF1D140D68E7001A3993 /* TiMillennialmediaView.h in Headers */,
				A89DCF21140D694F001A3993 /* TiMillennialmediaViewProxy.h in Headers */,
			);
			runOnlyForDeploymentPostprocessing = 0;
		};
/* End PBXHeadersBuildPhase section */

/* Begin PBXNativeTarget section */
		D2AAC07D0554694100DB518D /* millennialmedia */ = {
			isa = PBXNativeTarget;
			buildConfigurationList = 1DEB921E08733DC00010E9CD /* Build configuration list for PBXNativeTarget "millennialmedia" */;
			buildPhases = (
				D2AAC07A0554694100DB518D /* Headers */,
				D2AAC07B0554694100DB518D /* Sources */,
				D2AAC07C0554694100DB518D /* Frameworks */,
			);
			buildRules = (
			);
			dependencies = (
			);
			name = millennialmedia;
			productName = millennialmedia;
			productReference = D2AAC07E0554694100DB518D /* libTiMillennialmedia.a */;
			productType = "com.apple.product-type.library.static";
		};
/* End PBXNativeTarget section */

/* Begin PBXProject section */
		0867D690FE84028FC02AAC07 /* Project object */ = {
			isa = PBXProject;
			attributes = {
				LastUpgradeCheck = 0620;
			};
			buildConfigurationList = 1DEB922208733DC00010E9CD /* Build configuration list for PBXProject "millennialmedia" */;
			compatibilityVersion = "Xcode 3.2";
			developmentRegion = English;
			hasScannedForEncodings = 1;
			knownRegions = (
				English,
				Japanese,
				French,
				German,
			);
			mainGroup = 0867D691FE84028FC02AAC07 /* millennialmedia */;
			productRefGroup = 034768DFFF38A50411DB9C8B /* Products */;
			projectDirPath = "";
			projectRoot = "";
			targets = (
				D2AAC07D0554694100DB518D /* millennialmedia */,
				24416B8111C4CA220047AFDD /* Build & Test */,
			);
		};
/* End PBXProject section */

/* Begin PBXShellScriptBuildPhase section */
		24416B8011C4CA220047AFDD /* ShellScript */ = {
			isa = PBXShellScriptBuildPhase;
			buildActionMask = 2147483647;
			files = (
			);
			inputPaths = (
			);
			outputPaths = (
			);
			runOnlyForDeploymentPostprocessing = 0;
			shellPath = /bin/sh;
			shellScript = "# shell script goes here\n\npython \"${TITANIUM_SDK}/titanium.py\" run --dir=\"${PROJECT_DIR}\"\nexit $?\n";
		};
/* End PBXShellScriptBuildPhase section */

/* Begin PBXSourcesBuildPhase section */
		D2AAC07B0554694100DB518D /* Sources */ = {
			isa = PBXSourcesBuildPhase;
			buildActionMask = 2147483647;
			files = (
				24DD6CFA1134B3F500162E58 /* TiMillennialmediaModule.m in Sources */,
				24DE9E1211C5FE74003F90F6 /* TiMillennialmediaModuleAssets.m in Sources */,
				A89DCF1E140D68E7001A3993 /* TiMillennialmediaView.m in Sources */,
				A89DCF22140D694F001A3993 /* TiMillennialmediaViewProxy.m in Sources */,
			);
			runOnlyForDeploymentPostprocessing = 0;
		};
/* End PBXSourcesBuildPhase section */

/* Begin PBXTargetDependency section */
		24416B8511C4CA280047AFDD /* PBXTargetDependency */ = {
			isa = PBXTargetDependency;
			target = D2AAC07D0554694100DB518D /* millennialmedia */;
			targetProxy = 24416B8411C4CA280047AFDD /* PBXContainerItemProxy */;
		};
/* End PBXTargetDependency section */

/* Begin XCBuildConfiguration section */
		1DEB921F08733DC00010E9CD /* Debug */ = {
			isa = XCBuildConfiguration;
			baseConfigurationReference = 24DD6D1B1134B66800162E58 /* titanium.xcconfig */;
			buildSettings = {
				"ARCHS[sdk=iphoneos*]" = "$(ARCHS_STANDARD)";
				"ARCHS[sdk=iphonesimulator*]" = "$(ARCHS_STANDARD)";
				CODE_SIGN_IDENTITY = "iPhone Developer";
				"CODE_SIGN_IDENTITY[sdk=iphoneos*]" = "iPhone Developer";
				DSTROOT = /tmp/TiMillennialmedia.dst;
				FRAMEWORK_SEARCH_PATHS = (
					"$(inherited)",
					"$(PROJECT_DIR)",
					/Users/brian/Downloads/iOS_5_4_1_SDK/Frameworks,
				);
				GCC_C_LANGUAGE_STANDARD = c99;
				GCC_OPTIMIZATION_LEVEL = 0;
				GCC_PRECOMPILE_PREFIX_HEADER = YES;
				GCC_PREFIX_HEADER = TiMillennialmedia_Prefix.pch;
				GCC_PREPROCESSOR_DEFINITIONS = "TI_VERSION=$(TI_VERSION)";
				GCC_THUMB_SUPPORT = NO;
				GCC_TREAT_WARNINGS_AS_ERRORS = NO;
				GCC_VERSION = "";
				GCC_WARN_ABOUT_RETURN_TYPE = NO;
				GCC_WARN_MISSING_PARENTHESES = NO;
				GCC_WARN_SHADOW = NO;
				GCC_WARN_STRICT_SELECTOR_MATCH = NO;
				GCC_WARN_UNUSED_FUNCTION = YES;
				GCC_WARN_UNUSED_PARAMETER = NO;
				GCC_WARN_UNUSED_VALUE = NO;
				GCC_WARN_UNUSED_VARIABLE = NO;
				INSTALL_PATH = /usr/local/lib;
				IPHONEOS_DEPLOYMENT_TARGET = 6.0;
				LIBRARY_SEARCH_PATHS = (
					"$(inherited)",
					"$(SRCROOT)",
					"\"$(SRCROOT)/lib\"",
					"\"$(SRCROOT)/MMSDK\"",
					"$(PROJECT_DIR)/MMSDK",
				);
				OTHER_CFLAGS = (
					"-DDEBUG",
					"-DTI_POST_1_2",
				);
				OTHER_LDFLAGS = "-ObjC";
				PRODUCT_NAME = TiMillennialmedia;
				PROVISIONING_PROFILE = "";
				"PROVISIONING_PROFILE[sdk=iphoneos*]" = "";
				RUN_CLANG_STATIC_ANALYZER = NO;
				SDKROOT = iphoneos;
				USER_HEADER_SEARCH_PATHS = "";
			};
			name = Debug;
		};
		1DEB922008733DC00010E9CD /* Release */ = {
			isa = XCBuildConfiguration;
			baseConfigurationReference = 24DD6D1B1134B66800162E58 /* titanium.xcconfig */;
			buildSettings = {
				ALWAYS_SEARCH_USER_PATHS = NO;
				"ARCHS[sdk=iphoneos*]" = "$(ARCHS_STANDARD)";
				"ARCHS[sdk=iphonesimulator*]" = "$(ARCHS_STANDARD)";
				DSTROOT = /tmp/TiMillennialmedia.dst;
				FRAMEWORK_SEARCH_PATHS = (
					"$(inherited)",
					"$(PROJECT_DIR)",
					/Users/brian/Downloads/iOS_5_4_1_SDK/Frameworks,
				);
				GCC_C_LANGUAGE_STANDARD = c99;
				GCC_MODEL_TUNING = G5;
				GCC_PRECOMPILE_PREFIX_HEADER = YES;
				GCC_PREFIX_HEADER = TiMillennialmedia_Prefix.pch;
				GCC_PREPROCESSOR_DEFINITIONS = "TI_VERSION=$(TI_VERSION)";
				GCC_THUMB_SUPPORT = NO;
				GCC_TREAT_WARNINGS_AS_ERRORS = NO;
				GCC_VERSION = "";
				GCC_WARN_ABOUT_RETURN_TYPE = NO;
				GCC_WARN_MISSING_PARENTHESES = NO;
				GCC_WARN_SHADOW = NO;
				GCC_WARN_STRICT_SELECTOR_MATCH = NO;
				GCC_WARN_UNUSED_FUNCTION = YES;
				GCC_WARN_UNUSED_PARAMETER = NO;
				GCC_WARN_UNUSED_VALUE = NO;
				GCC_WARN_UNUSED_VARIABLE = NO;
				INSTALL_PATH = /usr/local/lib;
				IPHONEOS_DEPLOYMENT_TARGET = 6.0;
				"IPHONEOS_DEPLOYMENT_TARGET[sdk=iphoneos*]" = 6.0;
				LIBRARY_SEARCH_PATHS = (
					"$(inherited)",
					"$(SRCROOT)",
					"\"$(SRCROOT)/lib\"",
					"\"$(SRCROOT)/MMSDK\"",
					"$(PROJECT_DIR)/MMSDK",
				);
				OTHER_CFLAGS = "-DTI_POST_1_2";
				OTHER_LDFLAGS = "-ObjC";
				PRODUCT_NAME = TiMillennialmedia;
				RUN_CLANG_STATIC_ANALYZER = NO;
				SDKROOT = iphoneos;
				USER_HEADER_SEARCH_PATHS = "";
			};
			name = Release;
		};
		1DEB922308733DC00010E9CD /* Debug */ = {
			isa = XCBuildConfiguration;
			baseConfigurationReference = 24DD6D1B1134B66800162E58 /* titanium.xcconfig */;
			buildSettings = {
				"ARCHS[sdk=iphoneos*]" = "$(ARCHS_STANDARD)";
				"ARCHS[sdk=iphonesimulator*]" = "$(ARCHS_STANDARD)";
				CODE_SIGN_IDENTITY = "iPhone Developer";
				"CODE_SIGN_IDENTITY[sdk=iphoneos*]" = "iPhone Developer";
				DSTROOT = /tmp/TiMillennialmedia.dst;
				GCC_C_LANGUAGE_STANDARD = c99;
				GCC_OPTIMIZATION_LEVEL = 0;
				GCC_PRECOMPILE_PREFIX_HEADER = YES;
				GCC_PREFIX_HEADER = TiMillennialmedia_Prefix.pch;
				GCC_PREPROCESSOR_DEFINITIONS = "TI_VERSION=$(TI_VERSION)";
				GCC_THUMB_SUPPORT = NO;
				GCC_TREAT_WARNINGS_AS_ERRORS = NO;
				GCC_VERSION = "";
				GCC_WARN_ABOUT_RETURN_TYPE = NO;
				GCC_WARN_MISSING_PARENTHESES = NO;
				GCC_WARN_SHADOW = NO;
				GCC_WARN_STRICT_SELECTOR_MATCH = NO;
				GCC_WARN_UNUSED_FUNCTION = YES;
				GCC_WARN_UNUSED_PARAMETER = NO;
				GCC_WARN_UNUSED_VALUE = NO;
				GCC_WARN_UNUSED_VARIABLE = NO;
				INSTALL_PATH = /usr/local/lib;
				IPHONEOS_DEPLOYMENT_TARGET = 6.0;
				MACH_O_TYPE = staticlib;
				ONLY_ACTIVE_ARCH = YES;
				OTHER_CFLAGS = (
					"-DDEBUG",
					"-DTI_POST_1_2",
				);
				OTHER_LDFLAGS = "-ObjC";
				PRODUCT_NAME = TiMillennialmedia;
				PROVISIONING_PROFILE = "";
				"PROVISIONING_PROFILE[sdk=iphoneos*]" = "";
				RUN_CLANG_STATIC_ANALYZER = NO;
				SDKROOT = iphoneos;
				SEPARATE_STRIP = YES;
				STRIP_STYLE = debugging;
				USER_HEADER_SEARCH_PATHS = "";
			};
			name = Debug;
		};
		1DEB922408733DC00010E9CD /* Release */ = {
			isa = XCBuildConfiguration;
			baseConfigurationReference = 24DD6D1B1134B66800162E58 /* titanium.xcconfig */;
			buildSettings = {
				ALWAYS_SEARCH_USER_PATHS = NO;
				"ARCHS[sdk=iphoneos*]" = "$(ARCHS_STANDARD)";
				"ARCHS[sdk=iphonesimulator*]" = "$(ARCHS_STANDARD)";
				DSTROOT = /tmp/TiMillennialmedia.dst;
				GCC_C_LANGUAGE_STANDARD = c99;
				GCC_MODEL_TUNING = G5;
				GCC_PRECOMPILE_PREFIX_HEADER = YES;
				GCC_PREFIX_HEADER = TiMillennialmedia_Prefix.pch;
				GCC_PREPROCESSOR_DEFINITIONS = "TI_VERSION=$(TI_VERSION)";
				GCC_THUMB_SUPPORT = NO;
				GCC_TREAT_WARNINGS_AS_ERRORS = NO;
				GCC_VERSION = "";
				GCC_WARN_ABOUT_RETURN_TYPE = NO;
				GCC_WARN_MISSING_PARENTHESES = NO;
				GCC_WARN_SHADOW = NO;
				GCC_WARN_STRICT_SELECTOR_MATCH = NO;
				GCC_WARN_UNUSED_FUNCTION = YES;
				GCC_WARN_UNUSED_PARAMETER = NO;
				GCC_WARN_UNUSED_VALUE = NO;
				GCC_WARN_UNUSED_VARIABLE = NO;
				INSTALL_PATH = /usr/local/lib;
				IPHONEOS_DEPLOYMENT_TARGET = 6.0;
				"IPHONEOS_DEPLOYMENT_TARGET[sdk=iphoneos*]" = 6.0;
				MACH_O_TYPE = staticlib;
				ONLY_ACTIVE_ARCH = NO;
				OTHER_CFLAGS = "-DTI_POST_1_2";
				OTHER_LDFLAGS = "-ObjC";
				PRODUCT_NAME = TiMillennialmedia;
				RUN_CLANG_STATIC_ANALYZER = NO;
				SDKROOT = iphoneos;
				SEPARATE_STRIP = YES;
				STRIP_STYLE = debugging;
				USER_HEADER_SEARCH_PATHS = "";
			};
			name = Release;
		};
		24416B8211C4CA220047AFDD /* Debug */ = {
			isa = XCBuildConfiguration;
			baseConfigurationReference = 24DD6D1B1134B66800162E58 /* titanium.xcconfig */;
			buildSettings = {
				COPY_PHASE_STRIP = NO;
				GCC_DYNAMIC_NO_PIC = NO;
				GCC_OPTIMIZATION_LEVEL = 0;
				GCC_THUMB_SUPPORT = NO;
				PRODUCT_NAME = "Build & test";
			};
			name = Debug;
		};
		24416B8311C4CA220047AFDD /* Release */ = {
			isa = XCBuildConfiguration;
			baseConfigurationReference = 24DD6D1B1134B66800162E58 /* titanium.xcconfig */;
			buildSettings = {
				COPY_PHASE_STRIP = YES;
				DEBUG_INFORMATION_FORMAT = "dwarf-with-dsym";
				GCC_ENABLE_FIX_AND_CONTINUE = NO;
				GCC_THUMB_SUPPORT = NO;
				PRODUCT_NAME = "Build & test";
				ZERO_LINK = NO;
			};
			name = Release;
		};
/* End XCBuildConfiguration section */

/* Begin XCConfigurationList section */
		1DEB921E08733DC00010E9CD /* Build configuration list for PBXNativeTarget "millennialmedia" */ = {
			isa = XCConfigurationList;
			buildConfigurations = (
				1DEB921F08733DC00010E9CD /* Debug */,
				1DEB922008733DC00010E9CD /* Release */,
			);
			defaultConfigurationIsVisible = 0;
			defaultConfigurationName = Release;
		};
		1DEB922208733DC00010E9CD /* Build configuration list for PBXProject "millennialmedia" */ = {
			isa = XCConfigurationList;
			buildConfigurations = (
				1DEB922308733DC00010E9CD /* Debug */,
				1DEB922408733DC00010E9CD /* Release */,
			);
			defaultConfigurationIsVisible = 0;
			defaultConfigurationName = Release;
		};
		24416B8A11C4CA520047AFDD /* Build configuration list for PBXAggregateTarget "Build & Test" */ = {
			isa = XCConfigurationList;
			buildConfigurations = (
				24416B8211C4CA220047AFDD /* Debug */,
				24416B8311C4CA220047AFDD /* Release */,
			);
			defaultConfigurationIsVisible = 0;
			defaultConfigurationName = Release;
		};
/* End XCConfigurationList section */
	};
	rootObject = 0867D690FE84028FC02AAC07 /* Project object */;
}
